
Microsoft Visual Studio Solution File, Format Version 12.00
# Visual Studio Version 17
VisualStudioVersion = 17.1.32228.430
MinimumVisualStudioVersion = 10.0.40219.1
Project("{8BC9CEB8-8B4A-11D0-8D11-00A0C91BC942}") = "practice_graph", "practice_graph.vcxproj", "{0413D175-2A5B-48D4-BA83-7F8D11F89B26}"
EndProject
Global
	GlobalSection(SolutionConfigurationPlatforms) = preSolution
		Debug|x64 = Debug|x64
		Debug|x86 = Debug|x86
		Release|x64 = Release|x64
		Release|x86 = Release|x86
	EndGlobalSection
	GlobalSection(ProjectConfigurationPlatforms) = postSolution
		{0413D175-2A5B-48D4-BA83-7F8D11F89B26}.Debug|x64.ActiveCfg = Debug|x64
		{0413D175-2A5B-48D4-BA83-7F8D11F89B26}.Debug|x64.Build.0 = Debug|x64
		{0413D175-2A5B-48D4-BA83-7F8D11F89B26}.Debug|x86.ActiveCfg = Debug|Win32
		{0413D175-2A5B-48D4-BA83-7F8D11F89B26}.Debug|x86.Build.0 = Debug|Win32
		{0413D175-2A5B-48D4-BA83-7F8D11F89B26}.Release|x64.ActiveCfg = Release|x64
		{0413D175-2A5B-48D4-BA83-7F8D11F89B26}.Release|x64.Build.0 = Release|x64
		{0413D175-2A5B-48D4-BA83-7F8D11F89B26}.Release|x86.ActiveCfg = Release|Win32
		{0413D175-2A5B-48D4-BA83-7F8D11F89B26}.Release|x86.Build.0 = Release|Win32
	EndGlobalSection
	GlobalSection(SolutionProperties) = preSolution
		HideSolutionNode = FALSE
	EndGlobalSection
	GlobalSection(ExtensibilityGlobals) = postSolution
		SolutionGuid = {5474558B-537F-42C8-AB94-C607C0ECF26F}
	EndGlobalSection
EndGlobal
